
Microsoft Visual Studio Solution File, Format Version 12.00
# Visual Studio Version 17
VisualStudioVersion = 17.3.32804.467
MinimumVisualStudioVersion = 10.0.40219.1
Project("{FAE04EC0-301F-11D3-BF4B-00C04F79EFBC}") = "HackathonWebsiteAPI", "HackathonWebsiteAPI.csproj", "{48142B0B-753E-496B-A858-137694414184}"
EndProject
Global
	GlobalSection(SolutionConfigurationPlatforms) = preSolution
		Debug|Any CPU = Debug|Any CPU
		Release|Any CPU = Release|Any CPU
	EndGlobalSection
	GlobalSection(ProjectConfigurationPlatforms) = postSolution
		{48142B0B-753E-496B-A858-137694414184}.Debug|Any CPU.ActiveCfg = Debug|Any CPU
		{48142B0B-753E-496B-A858-137694414184}.Debug|Any CPU.Build.0 = Debug|Any CPU
		{48142B0B-753E-496B-A858-137694414184}.Release|Any CPU.ActiveCfg = Release|Any CPU
		{48142B0B-753E-496B-A858-137694414184}.Release|Any CPU.Build.0 = Release|Any CPU
	EndGlobalSection
	GlobalSection(SolutionProperties) = preSolution
		HideSolutionNode = FALSE
	EndGlobalSection
	GlobalSection(ExtensibilityGlobals) = postSolution
		SolutionGuid = {9880BF17-F253-44AD-A258-33DAA7A835A4}
	EndGlobalSection
EndGlobal
